
Microsoft Visual Studio Solution File, Format Version 12.00
# Visual Studio Version 17
VisualStudioVersion = 17.3.32922.545
MinimumVisualStudioVersion = 10.0.40219.1
Project("{FAE04EC0-301F-11D3-BF4B-00C04F79EFBC}") = "FrequencyDll", "FrequencyDll\FrequencyDll.csproj", "{5169C565-40B1-47A7-A71A-462691D6475C}"
EndProject
Global
	GlobalSection(SolutionConfigurationPlatforms) = preSolution
		Debug|Any CPU = Debug|Any CPU
		Release|Any CPU = Release|Any CPU
	EndGlobalSection
	GlobalSection(ProjectConfigurationPlatforms) = postSolution
		{5169C565-40B1-47A7-A71A-462691D6475C}.Debug|Any CPU.ActiveCfg = Debug|Any CPU
		{5169C565-40B1-47A7-A71A-462691D6475C}.Debug|Any CPU.Build.0 = Debug|Any CPU
		{5169C565-40B1-47A7-A71A-462691D6475C}.Release|Any CPU.ActiveCfg = Release|Any CPU
		{5169C565-40B1-47A7-A71A-462691D6475C}.Release|Any CPU.Build.0 = Release|Any CPU
	EndGlobalSection
	GlobalSection(SolutionProperties) = preSolution
		HideSolutionNode = FALSE
	EndGlobalSection
	GlobalSection(ExtensibilityGlobals) = postSolution
		SolutionGuid = {14CD5F12-5AEE-4277-A5A1-A7F852A2DED2}
	EndGlobalSection
EndGlobal
