
Microsoft Visual Studio Solution File, Format Version 12.00
# Visual Studio Version 17
VisualStudioVersion = 17.3.32922.545
MinimumVisualStudioVersion = 10.0.40219.1
Project("{FAE04EC0-301F-11D3-BF4B-00C04F79EFBC}") = "PrivateFrequencyDll", "PrivateFrequencyDll\PrivateFrequencyDll.csproj", "{9F5A3C33-EB1E-44DE-AEE0-71767A908F92}"
EndProject
Global
	GlobalSection(SolutionConfigurationPlatforms) = preSolution
		Debug|Any CPU = Debug|Any CPU
		Release|Any CPU = Release|Any CPU
	EndGlobalSection
	GlobalSection(ProjectConfigurationPlatforms) = postSolution
		{9F5A3C33-EB1E-44DE-AEE0-71767A908F92}.Debug|Any CPU.ActiveCfg = Debug|Any CPU
		{9F5A3C33-EB1E-44DE-AEE0-71767A908F92}.Debug|Any CPU.Build.0 = Debug|Any CPU
		{9F5A3C33-EB1E-44DE-AEE0-71767A908F92}.Release|Any CPU.ActiveCfg = Release|Any CPU
		{9F5A3C33-EB1E-44DE-AEE0-71767A908F92}.Release|Any CPU.Build.0 = Release|Any CPU
	EndGlobalSection
	GlobalSection(SolutionProperties) = preSolution
		HideSolutionNode = FALSE
	EndGlobalSection
	GlobalSection(ExtensibilityGlobals) = postSolution
		SolutionGuid = {958D5B1E-1E07-4E9C-95C4-DED209E8FE8A}
	EndGlobalSection
EndGlobal
